Microsoft Visual Studio Solution File, Format Version 12.00
# Visual Studio Version 16
VisualStudioVersion = 16.0.30204.135
MinimumVisualStudioVersion = 10.0.40219.1
Project("{9A19103F-16F7-4668-BE54-9A1E7A4F7556}") = "TrackerLibrary", "TrackerLibrary\TrackerLibrary.csproj", "{F2DA726E-4ABA-4EEE-A3D9-D7AC7273E1DC}"
EndProject
Project("{FAE04EC0-301F-11D3-BF4B-00C04F79EFBC}") = "TrackerUI", "TrackerUI\TrackerUI.csproj", "{A400C0B9-A2A5-45FE-8A77-9E38CF6075C5}"
EndProject
Global
	GlobalSection(SolutionConfigurationPlatforms) = preSolution
		Debug|Any CPU = Debug|Any CPU
		Release|Any CPU = Release|Any CPU
	EndGlobalSection
	GlobalSection(ProjectConfigurationPlatforms) = postSolution
		{F2DA726E-4ABA-4EEE-A3D9-D7AC7273E1DC}.Debug|Any CPU.ActiveCfg = Debug|Any CPU
		{F2DA726E-4ABA-4EEE-A3D9-D7AC7273E1DC}.Debug|Any CPU.Build.0 = Debug|Any CPU
		{F2DA726E-4ABA-4EEE-A3D9-D7AC7273E1DC}.Release|Any CPU.ActiveCfg = Release|Any CPU
		{F2DA726E-4ABA-4EEE-A3D9-D7AC7273E1DC}.Release|Any CPU.Build.0 = Release|Any CPU
		{A400C0B9-A2A5-45FE-8A77-9E38CF6075C5}.Debug|Any CPU.ActiveCfg = Debug|Any CPU
		{A400C0B9-A2A5-45FE-8A77-9E38CF6075C5}.Debug|Any CPU.Build.0 = Debug|Any CPU
		{A400C0B9-A2A5-45FE-8A77-9E38CF6075C5}.Release|Any CPU.ActiveCfg = Release|Any CPU
		{A400C0B9-A2A5-45FE-8A77-9E38CF6075C5}.Release|Any CPU.Build.0 = Release|Any CPU
	EndGlobalSection
	GlobalSection(SolutionProperties) = preSolution
		HideSolutionNode = FALSE
	EndGlobalSection
	GlobalSection(ExtensibilityGlobals) = postSolution
		SolutionGuid = {C1D67B25-F69B-4F59-9D20-DE2E8A2A7B48}
	EndGlobalSection
EndGlobal
